
Microsoft Visual Studio Solution File, Format Version 12.00
# Visual Studio Version 17
VisualStudioVersion = 17.11.35222.181
MinimumVisualStudioVersion = 10.0.40219.1
Project("{FAE04EC0-301F-11D3-BF4B-00C04F79EFBC}") = "mssql-backuptool", "mssql-backuptool.csproj", "{A72FE772-EC71-437F-BA9F-24EB292B6E9B}"
EndProject
Global
	GlobalSection(SolutionConfigurationPlatforms) = preSolution
		Debug|Any CPU = Debug|Any CPU
		Release|Any CPU = Release|Any CPU
	EndGlobalSection
	GlobalSection(ProjectConfigurationPlatforms) = postSolution
		{A72FE772-EC71-437F-BA9F-24EB292B6E9B}.Debug|Any CPU.ActiveCfg = Debug|Any CPU
		{A72FE772-EC71-437F-BA9F-24EB292B6E9B}.Debug|Any CPU.Build.0 = Debug|Any CPU
		{A72FE772-EC71-437F-BA9F-24EB292B6E9B}.Release|Any CPU.ActiveCfg = Release|Any CPU
		{A72FE772-EC71-437F-BA9F-24EB292B6E9B}.Release|Any CPU.Build.0 = Release|Any CPU
	EndGlobalSection
	GlobalSection(SolutionProperties) = preSolution
		HideSolutionNode = FALSE
	EndGlobalSection
	GlobalSection(ExtensibilityGlobals) = postSolution
		SolutionGuid = {6F04E50B-0BD3-488A-9656-B09589E423D5}
	EndGlobalSection
EndGlobal
